{
  "name": "field",
  "version": "1.0.0",
  "lockfileVersion": 3,
  "requires": true,
  "packages": {
    "": {
      "name": "field",
      "version": "1.0.0",
      "license": "ISC",
      "dependencies": {
        "@pieces.app/pieces-os-client": "^4.1.0"
      }
    },
    "node_modules/@pieces.app/pieces-os-client": {
      "version": "4.1.0",
      "resolved": "https://registry.npmjs.org/@pieces.app/pieces-os-client/-/pieces-os-client-4.1.0.tgz",
      "integrity": "sha512-Lsjwl5Lww6eN7LPi5lKjGSMcjHc0IER7C2UZnkBaDtYLeBk77ReZlTRvbD6Kk6yLcSm8fwJb0bAdJ+tvIqCA3A==",
      "license": "MIT"
    }
  }
}
